
Microsoft Visual Studio Solution File, Format Version 12.00
# Visual Studio Version 17
VisualStudioVersion = 17.14.36408.4 d17.14
MinimumVisualStudioVersion = 10.0.40219.1
Project("{FAE04EC0-301F-11D3-BF4B-00C04F79EFBC}") = "E-CommerceAPI", "E-CommerceAPI.csproj", "{0826AE34-633D-46A7-B947-05C0F7B37BD3}"
EndProject
Global
	GlobalSection(SolutionConfigurationPlatforms) = preSolution
		Debug|Any CPU = Debug|Any CPU
		Release|Any CPU = Release|Any CPU
	EndGlobalSection
	GlobalSection(ProjectConfigurationPlatforms) = postSolution
		{0826AE34-633D-46A7-B947-05C0F7B37BD3}.Debug|Any CPU.ActiveCfg = Debug|Any CPU
		{0826AE34-633D-46A7-B947-05C0F7B37BD3}.Debug|Any CPU.Build.0 = Debug|Any CPU
		{0826AE34-633D-46A7-B947-05C0F7B37BD3}.Release|Any CPU.ActiveCfg = Release|Any CPU
		{0826AE34-633D-46A7-B947-05C0F7B37BD3}.Release|Any CPU.Build.0 = Release|Any CPU
	EndGlobalSection
	GlobalSection(SolutionProperties) = preSolution
		HideSolutionNode = FALSE
	EndGlobalSection
	GlobalSection(ExtensibilityGlobals) = postSolution
		SolutionGuid = {D5F6C361-3902-4F8F-AE7F-14E2E709659F}
	EndGlobalSection
EndGlobal
